// !$*UTF8*$!
{
	archiveVersion = 1;
	classes = {
	};
	objectVersion = 50;
	objects = {

/* Begin PBXBuildFile section */
		179EDA6C21A114D700A107A0 /* AppDelegate.m in Sources */ = {isa = PBXBuildFile; fileRef = 179EDA6B21A114D700A107A0 /* AppDelegate.m */; };
		179EDA6F21A114D700A107A0 /* ViewController.m in Sources */ = {isa = PBXBuildFile; fileRef = 179EDA6E21A114D700A107A0 /* ViewController.m */; };
		179EDA7221A114D700A107A0 /* Main.storyboard in Resources */ = {isa = PBXBuildFile; fileRef = 179EDA7021A114D700A107A0 /* Main.storyboard */; };
		179EDA7421A114D800A107A0 /* Assets.xcassets in Resources */ = {isa = PBXBuildFile; fileRef = 179EDA7321A114D800A107A0 /* Assets.xcassets */; };
		179EDA7721A114D800A107A0 /* LaunchScreen.storyboard in Resources */ = {isa = PBXBuildFile; fileRef = 179EDA7521A114D800A107A0 /* LaunchScreen.storyboard */; };
		179EDA7A21A114D800A107A0 /* main.m in Sources */ = {isa = PBXBuildFile; fileRef = 179EDA7921A114D800A107A0 /* main.m */; };
		179EDA8521A1161200A107A0 /* TacticController.m in Sources */ = {isa = PBXBuildFile; fileRef = 179EDA8321A1161200A107A0 /* TacticController.m */; };
		179EDA8621A1161200A107A0 /* TacticController.xib in Resources */ = {isa = PBXBuildFile; fileRef = 179EDA8421A1161200A107A0 /* TacticController.xib */; };
		179EDA8A21A1161F00A107A0 /* RoseController.m in Sources */ = {isa = PBXBuildFile; fileRef = 179EDA8821A1161F00A107A0 /* RoseController.m */; };
		179EDA8B21A1161F00A107A0 /* RoseController.xib in Resources */ = {isa = PBXBuildFile; fileRef = 179EDA8921A1161F00A107A0 /* RoseController.xib */; };
		179EDA8F21A116D200A107A0 /* RoseCell.m in Sources */ = {isa = PBXBuildFile; fileRef = 179EDA8D21A116D200A107A0 /* RoseCell.m */; };
		179EDA9021A116D200A107A0 /* RoseCell.xib in Resources */ = {isa = PBXBuildFile; fileRef = 179EDA8E21A116D200A107A0 /* RoseCell.xib */; };
		179EDA9421A11BF700A107A0 /* TabBarController.m in Sources */ = {isa = PBXBuildFile; fileRef = 179EDA9321A11BF700A107A0 /* TabBarController.m */; };
		179EDA9821A12B0900A107A0 /* RoseDetialController.m in Sources */ = {isa = PBXBuildFile; fileRef = 179EDA9621A12B0900A107A0 /* RoseDetialController.m */; };
		179EDA9921A12B0900A107A0 /* RoseDetialController.xib in Resources */ = {isa = PBXBuildFile; fileRef = 179EDA9721A12B0900A107A0 /* RoseDetialController.xib */; };
		179EDA9D21A12E2600A107A0 /* TacticCell.m in Sources */ = {isa = PBXBuildFile; fileRef = 179EDA9B21A12E2600A107A0 /* TacticCell.m */; };
		179EDA9E21A12E2600A107A0 /* TacticCell.xib in Resources */ = {isa = PBXBuildFile; fileRef = 179EDA9C21A12E2600A107A0 /* TacticCell.xib */; };
		179EDAA221A190D300A107A0 /* tactic1.rtfd in Resources */ = {isa = PBXBuildFile; fileRef = 179EDAA121A190D300A107A0 /* tactic1.rtfd */; };
		179EDAA621A193B000A107A0 /* TacticDetialController.m in Sources */ = {isa = PBXBuildFile; fileRef = 179EDAA421A193B000A107A0 /* TacticDetialController.m */; };
		179EDAA721A193B000A107A0 /* TacticDetialController.xib in Resources */ = {isa = PBXBuildFile; fileRef = 179EDAA521A193B000A107A0 /* TacticDetialController.xib */; };
		179EDAAA21A1A4E900A107A0 /* tactic2.rtfd in Resources */ = {isa = PBXBuildFile; fileRef = 179EDAA921A1A4E900A107A0 /* tactic2.rtfd */; };
		179EDAAC21A1A87D00A107A0 /* tactic3.rtfd in Resources */ = {isa = PBXBuildFile; fileRef = 179EDAAB21A1A87D00A107A0 /* tactic3.rtfd */; };
		179EDAAF21A1A96900A107A0 /* tactic5.rtfd in Resources */ = {isa = PBXBuildFile; fileRef = 179EDAAE21A1A96900A107A0 /* tactic5.rtfd */; };
		179EDAB121A1A99900A107A0 /* tactic6.rtfd in Resources */ = {isa = PBXBuildFile; fileRef = 179EDAB021A1A99900A107A0 /* tactic6.rtfd */; };
		179EDAB321A1AA0500A107A0 /* tactic4.rtfd in Resources */ = {isa = PBXBuildFile; fileRef = 179EDAB221A1AA0500A107A0 /* tactic4.rtfd */; };
		179EDAB721A1AB3800A107A0 /* tactic7.rtfd in Resources */ = {isa = PBXBuildFile; fileRef = 179EDAB621A1AB3800A107A0 /* tactic7.rtfd */; };
		179EDAB921A1AB3F00A107A0 /* tactic8.rtfd in Resources */ = {isa = PBXBuildFile; fileRef = 179EDAB821A1AB3F00A107A0 /* tactic8.rtfd */; };
		179EDABB21A1AB4D00A107A0 /* tactic9.rtfd in Resources */ = {isa = PBXBuildFile; fileRef = 179EDABA21A1AB4D00A107A0 /* tactic9.rtfd */; };
		179EDABD21A1AB5500A107A0 /* tactic10.rtfd in Resources */ = {isa = PBXBuildFile; fileRef = 179EDABC21A1AB5500A107A0 /* tactic10.rtfd */; };
		179EDABF21A1AB5A00A107A0 /* tactic11.rtfd in Resources */ = {isa = PBXBuildFile; fileRef = 179EDABE21A1AB5A00A107A0 /* tactic11.rtfd */; };
		179EDAC121A1AB5F00A107A0 /* tactic12.rtfd in Resources */ = {isa = PBXBuildFile; fileRef = 179EDAC021A1AB5F00A107A0 /* tactic12.rtfd */; };
		179EDAC321A1AB6500A107A0 /* tactic13.rtfd in Resources */ = {isa = PBXBuildFile; fileRef = 179EDAC221A1AB6500A107A0 /* tactic13.rtfd */; };
		179EDAC521A1AB6B00A107A0 /* tactic14.rtfd in Resources */ = {isa = PBXBuildFile; fileRef = 179EDAC421A1AB6B00A107A0 /* tactic14.rtfd */; };
		179EDACA21A1BA9C00A107A0 /* SettingController.m in Sources */ = {isa = PBXBuildFile; fileRef = 179EDAC821A1BA9C00A107A0 /* SettingController.m */; };
		179EDACB21A1BA9C00A107A0 /* SettingController.xib in Resources */ = {isa = PBXBuildFile; fileRef = 179EDAC921A1BA9C00A107A0 /* SettingController.xib */; };
		179EDACF21A1BE9100A107A0 /* MyCollectController.m in Sources */ = {isa = PBXBuildFile; fileRef = 179EDACD21A1BE9100A107A0 /* MyCollectController.m */; };
		179EDAD021A1BE9100A107A0 /* MyCollectController.xib in Resources */ = {isa = PBXBuildFile; fileRef = 179EDACE21A1BE9100A107A0 /* MyCollectController.xib */; };
/* End PBXBuildFile section */

/* Begin PBXFileReference section */
		179EDA6721A114D700A107A0 /* RoseTactic.app */ = {isa = PBXFileReference; explicitFileType = wrapper.application; includeInIndex = 0; path = RoseTactic.app; sourceTree = BUILT_PRODUCTS_DIR; };
		179EDA6A21A114D700A107A0 /* AppDelegate.h */ = {isa = PBXFileReference; lastKnownFileType = sourcecode.c.h; path = AppDelegate.h; sourceTree = "<group>"; };
		179EDA6B21A114D700A107A0 /* AppDelegate.m */ = {isa = PBXFileReference; lastKnownFileType = sourcecode.c.objc; path = AppDelegate.m; sourceTree = "<group>"; };
		179EDA6D21A114D700A107A0 /* ViewController.h */ = {isa = PBXFileReference; lastKnownFileType = sourcecode.c.h; path = ViewController.h; sourceTree = "<group>"; };
		179EDA6E21A114D700A107A0 /* ViewController.m */ = {isa = PBXFileReference; lastKnownFileType = sourcecode.c.objc; path = ViewController.m; sourceTree = "<group>"; };
		179EDA7121A114D700A107A0 /* Base */ = {isa = PBXFileReference; lastKnownFileType = file.storyboard; name = Base; path = Base.lproj/Main.storyboard; sourceTree = "<group>"; };
		179EDA7321A114D800A107A0 /* Assets.xcassets */ = {isa = PBXFileReference; lastKnownFileType = folder.assetcatalog; path = Assets.xcassets; sourceTree = "<group>"; };
		179EDA7621A114D800A107A0 /* Base */ = {isa = PBXFileReference; lastKnownFileType = file.storyboard; name = Base; path = Base.lproj/LaunchScreen.storyboard; sourceTree = "<group>"; };
		179EDA7821A114D800A107A0 /* Info.plist */ = {isa = PBXFileReference; lastKnownFileType = text.plist.xml; path = Info.plist; sourceTree = "<group>"; };
		179EDA7921A114D800A107A0 /* main.m */ = {isa = PBXFileReference; lastKnownFileType = sourcecode.c.objc; path = main.m; sourceTree = "<group>"; };
		179EDA8221A1161200A107A0 /* TacticController.h */ = {isa = PBXFileReference; lastKnownFileType = sourcecode.c.h; path = TacticController.h; sourceTree = "<group>"; };
		179EDA8321A1161200A107A0 /* TacticController.m */ = {isa = PBXFileReference; lastKnownFileType = sourcecode.c.objc; path = TacticController.m; sourceTree = "<group>"; };
		179EDA8421A1161200A107A0 /* TacticController.xib */ = {isa = PBXFileReference; lastKnownFileType = file.xib; path = TacticController.xib; sourceTree = "<group>"; };
		179EDA8721A1161F00A107A0 /* RoseController.h */ = {isa = PBXFileReference; lastKnownFileType = sourcecode.c.h; path = RoseController.h; sourceTree = "<group>"; };
		179EDA8821A1161F00A107A0 /* RoseController.m */ = {isa = PBXFileReference; lastKnownFileType = sourcecode.c.objc; path = RoseController.m; sourceTree = "<group>"; };
		179EDA8921A1161F00A107A0 /* RoseController.xib */ = {isa = PBXFileReference; lastKnownFileType = file.xib; path = RoseController.xib; sourceTree = "<group>"; };
		179EDA8C21A116D200A107A0 /* RoseCell.h */ = {isa = PBXFileReference; lastKnownFileType = sourcecode.c.h; path = RoseCell.h; sourceTree = "<group>"; };
		179EDA8D21A116D200A107A0 /* RoseCell.m */ = {isa = PBXFileReference; lastKnownFileType = sourcecode.c.objc; path = RoseCell.m; sourceTree = "<group>"; };
		179EDA8E21A116D200A107A0 /* RoseCell.xib */ = {isa = PBXFileReference; lastKnownFileType = file.xib; path = RoseCell.xib; sourceTree = "<group>"; };
		179EDA9121A117A400A107A0 /* PrefixHeader.pch */ = {isa = PBXFileReference; lastKnownFileType = sourcecode.c.h; path = PrefixHeader.pch; sourceTree = "<group>"; };
		179EDA9221A11BF700A107A0 /* TabBarController.h */ = {isa = PBXFileReference; lastKnownFileType = sourcecode.c.h; path = TabBarController.h; sourceTree = "<group>"; };
		179EDA9321A11BF700A107A0 /* TabBarController.m */ = {isa = PBXFileReference; lastKnownFileType = sourcecode.c.objc; path = TabBarController.m; sourceTree = "<group>"; };
		179EDA9521A12B0900A107A0 /* RoseDetialController.h */ = {isa = PBXFileReference; lastKnownFileType = sourcecode.c.h; path = RoseDetialController.h; sourceTree = "<group>"; };
		179EDA9621A12B0900A107A0 /* RoseDetialController.m */ = {isa = PBXFileReference; lastKnownFileType = sourcecode.c.objc; path = RoseDetialController.m; sourceTree = "<group>"; };
		179EDA9721A12B0900A107A0 /* RoseDetialController.xib */ = {isa = PBXFileReference; lastKnownFileType = file.xib; path = RoseDetialController.xib; sourceTree = "<group>"; };
		179EDA9A21A12E2600A107A0 /* TacticCell.h */ = {isa = PBXFileReference; lastKnownFileType = sourcecode.c.h; path = TacticCell.h; sourceTree = "<group>"; };
		179EDA9B21A12E2600A107A0 /* TacticCell.m */ = {isa = PBXFileReference; lastKnownFileType = sourcecode.c.objc; path = TacticCell.m; sourceTree = "<group>"; };
		179EDA9C21A12E2600A107A0 /* TacticCell.xib */ = {isa = PBXFileReference; lastKnownFileType = file.xib; path = TacticCell.xib; sourceTree = "<group>"; };
		179EDAA121A190D300A107A0 /* tactic1.rtfd */ = {isa = PBXFileReference; lastKnownFileType = wrapper.rtfd; path = tactic1.rtfd; sourceTree = "<group>"; };
		179EDAA321A193B000A107A0 /* TacticDetialController.h */ = {isa = PBXFileReference; lastKnownFileType = sourcecode.c.h; path = TacticDetialController.h; sourceTree = "<group>"; };
		179EDAA421A193B000A107A0 /* TacticDetialController.m */ = {isa = PBXFileReference; lastKnownFileType = sourcecode.c.objc; path = TacticDetialController.m; sourceTree = "<group>"; };
		179EDAA521A193B000A107A0 /* TacticDetialController.xib */ = {isa = PBXFileReference; lastKnownFileType = file.xib; path = TacticDetialController.xib; sourceTree = "<group>"; };
		179EDAA921A1A4E900A107A0 /* tactic2.rtfd */ = {isa = PBXFileReference; lastKnownFileType = wrapper.rtfd; path = tactic2.rtfd; sourceTree = "<group>"; };
		179EDAAB21A1A87D00A107A0 /* tactic3.rtfd */ = {isa = PBXFileReference; lastKnownFileType = wrapper.rtfd; path = tactic3.rtfd; sourceTree = "<group>"; };
		179EDAAE21A1A96900A107A0 /* tactic5.rtfd */ = {isa = PBXFileReference; lastKnownFileType = wrapper.rtfd; path = tactic5.rtfd; sourceTree = "<group>"; };
		179EDAB021A1A99900A107A0 /* tactic6.rtfd */ = {isa = PBXFileReference; lastKnownFileType = wrapper.rtfd; path = tactic6.rtfd; sourceTree = "<group>"; };
		179EDAB221A1AA0500A107A0 /* tactic4.rtfd */ = {isa = PBXFileReference; lastKnownFileType = wrapper.rtfd; path = tactic4.rtfd; sourceTree = "<group>"; };
		179EDAB621A1AB3800A107A0 /* tactic7.rtfd */ = {isa = PBXFileReference; lastKnownFileType = wrapper.rtfd; path = tactic7.rtfd; sourceTree = "<group>"; };
		179EDAB821A1AB3F00A107A0 /* tactic8.rtfd */ = {isa = PBXFileReference; lastKnownFileType = wrapper.rtfd; path = tactic8.rtfd; sourceTree = "<group>"; };
		179EDABA21A1AB4D00A107A0 /* tactic9.rtfd */ = {isa = PBXFileReference; lastKnownFileType = wrapper.rtfd; path = tactic9.rtfd; sourceTree = "<group>"; };
		179EDABC21A1AB5500A107A0 /* tactic10.rtfd */ = {isa = PBXFileReference; lastKnownFileType = wrapper.rtfd; path = tactic10.rtfd; sourceTree = "<group>"; };
		179EDABE21A1AB5A00A107A0 /* tactic11.rtfd */ = {isa = PBXFileReference; lastKnownFileType = wrapper.rtfd; path = tactic11.rtfd; sourceTree = "<group>"; };
		179EDAC021A1AB5F00A107A0 /* tactic12.rtfd */ = {isa = PBXFileReference; lastKnownFileType = wrapper.rtfd; path = tactic12.rtfd; sourceTree = "<group>"; };
		179EDAC221A1AB6500A107A0 /* tactic13.rtfd */ = {isa = PBXFileReference; lastKnownFileType = wrapper.rtfd; path = tactic13.rtfd; sourceTree = "<group>"; };
		179EDAC421A1AB6B00A107A0 /* tactic14.rtfd */ = {isa = PBXFileReference; lastKnownFileType = wrapper.rtfd; path = tactic14.rtfd; sourceTree = "<group>"; };
		179EDAC721A1BA9C00A107A0 /* SettingController.h */ = {isa = PBXFileReference; lastKnownFileType = sourcecode.c.h; path = SettingController.h; sourceTree = "<group>"; };
		179EDAC821A1BA9C00A107A0 /* SettingController.m */ = {isa = PBXFileReference; lastKnownFileType = sourcecode.c.objc; path = SettingController.m; sourceTree = "<group>"; };
		179EDAC921A1BA9C00A107A0 /* SettingController.xib */ = {isa = PBXFileReference; lastKnownFileType = file.xib; path = SettingController.xib; sourceTree = "<group>"; };
		179EDACC21A1BE9100A107A0 /* MyCollectController.h */ = {isa = PBXFileReference; lastKnownFileType = sourcecode.c.h; path = MyCollectController.h; sourceTree = "<group>"; };
		179EDACD21A1BE9100A107A0 /* MyCollectController.m */ = {isa = PBXFileReference; lastKnownFileType = sourcecode.c.objc; path = MyCollectController.m; sourceTree = "<group>"; };
		179EDACE21A1BE9100A107A0 /* MyCollectController.xib */ = {isa = PBXFileReference; lastKnownFileType = file.xib; path = MyCollectController.xib; sourceTree = "<group>"; };
/* End PBXFileReference section */

/* Begin PBXFrameworksBuildPhase section */
		179EDA6421A114D700A107A0 /* Frameworks */ = {
			isa = PBXFrameworksBuildPhase;
			buildActionMask = 2147483647;
			files = (
			);
			runOnlyForDeploymentPostprocessing = 0;
		};
/* End PBXFrameworksBuildPhase section */

/* Begin PBXGroup section */
		179EDA5E21A114D700A107A0 = {
			isa = PBXGroup;
			children = (
				179EDA6921A114D700A107A0 /* RoseTactic */,
				179EDA6821A114D700A107A0 /* Products */,
			);
			sourceTree = "<group>";
		};
		179EDA6821A114D700A107A0 /* Products */ = {
			isa = PBXGroup;
			children = (
				179EDA6721A114D700A107A0 /* RoseTactic.app */,
			);
			name = Products;
			sourceTree = "<group>";
		};
		179EDA6921A114D700A107A0 /* RoseTactic */ = {
			isa = PBXGroup;
			children = (
				179EDAC621A1BA8A00A107A0 /* 设置 */,
				179EDA8121A115F000A107A0 /* 攻略 */,
				179EDA8021A115D800A107A0 /* 鲜花 */,
				179EDA6A21A114D700A107A0 /* AppDelegate.h */,
				179EDA6B21A114D700A107A0 /* AppDelegate.m */,
				179EDA6D21A114D700A107A0 /* ViewController.h */,
				179EDA6E21A114D700A107A0 /* ViewController.m */,
				179EDA9221A11BF700A107A0 /* TabBarController.h */,
				179EDA9321A11BF700A107A0 /* TabBarController.m */,
				179EDA9121A117A400A107A0 /* PrefixHeader.pch */,
				179EDA7021A114D700A107A0 /* Main.storyboard */,
				179EDA7321A114D800A107A0 /* Assets.xcassets */,
				179EDA7521A114D800A107A0 /* LaunchScreen.storyboard */,
				179EDA7821A114D800A107A0 /* Info.plist */,
				179EDA7921A114D800A107A0 /* main.m */,
			);
			path = RoseTactic;
			sourceTree = "<group>";
		};
		179EDA8021A115D800A107A0 /* 鲜花 */ = {
			isa = PBXGroup;
			children = (
				179EDA8721A1161F00A107A0 /* RoseController.h */,
				179EDA8821A1161F00A107A0 /* RoseController.m */,
				179EDA8921A1161F00A107A0 /* RoseController.xib */,
				179EDA8C21A116D200A107A0 /* RoseCell.h */,
				179EDA8D21A116D200A107A0 /* RoseCell.m */,
				179EDA8E21A116D200A107A0 /* RoseCell.xib */,
				179EDA9521A12B0900A107A0 /* RoseDetialController.h */,
				179EDA9621A12B0900A107A0 /* RoseDetialController.m */,
				179EDA9721A12B0900A107A0 /* RoseDetialController.xib */,
			);
			path = "鲜花";
			sourceTree = "<group>";
		};
		179EDA8121A115F000A107A0 /* 攻略 */ = {
			isa = PBXGroup;
			children = (
				179EDA8221A1161200A107A0 /* TacticController.h */,
				179EDA8321A1161200A107A0 /* TacticController.m */,
				179EDA8421A1161200A107A0 /* TacticController.xib */,
				179EDA9A21A12E2600A107A0 /* TacticCell.h */,
				179EDA9B21A12E2600A107A0 /* TacticCell.m */,
				179EDA9C21A12E2600A107A0 /* TacticCell.xib */,
				179EDAA321A193B000A107A0 /* TacticDetialController.h */,
				179EDAA421A193B000A107A0 /* TacticDetialController.m */,
				179EDAA521A193B000A107A0 /* TacticDetialController.xib */,
				179EDAA021A18EC300A107A0 /* Content */,
			);
			path = "攻略";
			sourceTree = "<group>";
		};
		179EDAA021A18EC300A107A0 /* Content */ = {
			isa = PBXGroup;
			children = (
				179EDAA121A190D300A107A0 /* tactic1.rtfd */,
				179EDAA921A1A4E900A107A0 /* tactic2.rtfd */,
				179EDAAB21A1A87D00A107A0 /* tactic3.rtfd */,
				179EDAB221A1AA0500A107A0 /* tactic4.rtfd */,
				179EDAAE21A1A96900A107A0 /* tactic5.rtfd */,
				179EDAB021A1A99900A107A0 /* tactic6.rtfd */,
				179EDAB621A1AB3800A107A0 /* tactic7.rtfd */,
				179EDAB821A1AB3F00A107A0 /* tactic8.rtfd */,
				179EDABA21A1AB4D00A107A0 /* tactic9.rtfd */,
				179EDABC21A1AB5500A107A0 /* tactic10.rtfd */,
				179EDABE21A1AB5A00A107A0 /* tactic11.rtfd */,
				179EDAC021A1AB5F00A107A0 /* tactic12.rtfd */,
				179EDAC221A1AB6500A107A0 /* tactic13.rtfd */,
				179EDAC421A1AB6B00A107A0 /* tactic14.rtfd */,
			);
			path = Content;
			sourceTree = "<group>";
		};
		179EDAC621A1BA8A00A107A0 /* 设置 */ = {
			isa = PBXGroup;
			children = (
				179EDAC721A1BA9C00A107A0 /* SettingController.h */,
				179EDAC821A1BA9C00A107A0 /* SettingController.m */,
				179EDAC921A1BA9C00A107A0 /* SettingController.xib */,
				179EDACC21A1BE9100A107A0 /* MyCollectController.h */,
				179EDACD21A1BE9100A107A0 /* MyCollectController.m */,
				179EDACE21A1BE9100A107A0 /* MyCollectController.xib */,
			);
			path = "设置";
			sourceTree = "<group>";
		};
/* End PBXGroup section */

/* Begin PBXNativeTarget section */
		179EDA6621A114D700A107A0 /* RoseTactic */ = {
			isa = PBXNativeTarget;
			buildConfigurationList = 179EDA7D21A114D800A107A0 /* Build configuration list for PBXNativeTarget "RoseTactic" */;
			buildPhases = (
				179EDA6321A114D700A107A0 /* Sources */,
				179EDA6421A114D700A107A0 /* Frameworks */,
				179EDA6521A114D700A107A0 /* Resources */,
			);
			buildRules = (
			);
			dependencies = (
			);
			name = RoseTactic;
			productName = RoseTactic;
			productReference = 179EDA6721A114D700A107A0 /* RoseTactic.app */;
			productType = "com.apple.product-type.application";
		};
/* End PBXNativeTarget section */

/* Begin PBXProject section */
		179EDA5F21A114D700A107A0 /* Project object */ = {
			isa = PBXProject;
			attributes = {
				LastUpgradeCheck = 1010;
				ORGANIZATIONNAME = "曹奕程";
				TargetAttributes = {
					179EDA6621A114D700A107A0 = {
						CreatedOnToolsVersion = 10.1;
					};
				};
			};
			buildConfigurationList = 179EDA6221A114D700A107A0 /* Build configuration list for PBXProject "RoseTactic" */;
			compatibilityVersion = "Xcode 9.3";
			developmentRegion = en;
			hasScannedForEncodings = 0;
			knownRegions = (
				en,
				Base,
			);
			mainGroup = 179EDA5E21A114D700A107A0;
			productRefGroup = 179EDA6821A114D700A107A0 /* Products */;
			projectDirPath = "";
			projectRoot = "";
			targets = (
				179EDA6621A114D700A107A0 /* RoseTactic */,
			);
		};
/* End PBXProject section */

/* Begin PBXResourcesBuildPhase section */
		179EDA6521A114D700A107A0 /* Resources */ = {
			isa = PBXResourcesBuildPhase;
			buildActionMask = 2147483647;
			files = (
				179EDAC121A1AB5F00A107A0 /* tactic12.rtfd in Resources */,
				179EDA7721A114D800A107A0 /* LaunchScreen.storyboard in Resources */,
				179EDAC521A1AB6B00A107A0 /* tactic14.rtfd in Resources */,
				179EDA8621A1161200A107A0 /* TacticController.xib in Resources */,
				179EDAAA21A1A4E900A107A0 /* tactic2.rtfd in Resources */,
				179EDAA221A190D300A107A0 /* tactic1.rtfd in Resources */,
				179EDABF21A1AB5A00A107A0 /* tactic11.rtfd in Resources */,
				179EDAB721A1AB3800A107A0 /* tactic7.rtfd in Resources */,
				179EDAB921A1AB3F00A107A0 /* tactic8.rtfd in Resources */,
				179EDA9921A12B0900A107A0 /* RoseDetialController.xib in Resources */,
				179EDA7421A114D800A107A0 /* Assets.xcassets in Resources */,
				179EDA7221A114D700A107A0 /* Main.storyboard in Resources */,
				179EDAA721A193B000A107A0 /* TacticDetialController.xib in Resources */,
				179EDAAC21A1A87D00A107A0 /* tactic3.rtfd in Resources */,
				179EDA9021A116D200A107A0 /* RoseCell.xib in Resources */,
				179EDA8B21A1161F00A107A0 /* RoseController.xib in Resources */,
				179EDACB21A1BA9C00A107A0 /* SettingController.xib in Resources */,
				179EDABD21A1AB5500A107A0 /* tactic10.rtfd in Resources */,
				179EDAB321A1AA0500A107A0 /* tactic4.rtfd in Resources */,
				179EDABB21A1AB4D00A107A0 /* tactic9.rtfd in Resources */,
				179EDAB121A1A99900A107A0 /* tactic6.rtfd in Resources */,
				179EDA9E21A12E2600A107A0 /* TacticCell.xib in Resources */,
				179EDAD021A1BE9100A107A0 /* MyCollectController.xib in Resources */,
				179EDAC321A1AB6500A107A0 /* tactic13.rtfd in Resources */,
				179EDAAF21A1A96900A107A0 /* tactic5.rtfd in Resources */,
			);
			runOnlyForDeploymentPostprocessing = 0;
		};
/* End PBXResourcesBuildPhase section */

/* Begin PBXSourcesBuildPhase section */
		179EDA6321A114D700A107A0 /* Sources */ = {
			isa = PBXSourcesBuildPhase;
			buildActionMask = 2147483647;
			files = (
				179EDACF21A1BE9100A107A0 /* MyCollectController.m in Sources */,
				179EDA9421A11BF700A107A0 /* TabBarController.m in Sources */,
				179EDA9821A12B0900A107A0 /* RoseDetialController.m in Sources */,
				179EDACA21A1BA9C00A107A0 /* SettingController.m in Sources */,
				179EDA6F21A114D700A107A0 /* ViewController.m in Sources */,
				179EDA8521A1161200A107A0 /* TacticController.m in Sources */,
				179EDAA621A193B000A107A0 /* TacticDetialController.m in Sources */,
				179EDA8A21A1161F00A107A0 /* RoseController.m in Sources */,
				179EDA7A21A114D800A107A0 /* main.m in Sources */,
				179EDA8F21A116D200A107A0 /* RoseCell.m in Sources */,
				179EDA6C21A114D700A107A0 /* AppDelegate.m in Sources */,
				179EDA9D21A12E2600A107A0 /* TacticCell.m in Sources */,
			);
			runOnlyForDeploymentPostprocessing = 0;
		};
/* End PBXSourcesBuildPhase section */

/* Begin PBXVariantGroup section */
		179EDA7021A114D700A107A0 /* Main.storyboard */ = {
			isa = PBXVariantGroup;
			children = (
				179EDA7121A114D700A107A0 /* Base */,
			);
			name = Main.storyboard;
			sourceTree = "<group>";
		};
		179EDA7521A114D800A107A0 /* LaunchScreen.storyboard */ = {
			isa = PBXVariantGroup;
			children = (
				179EDA7621A114D800A107A0 /* Base */,
			);
			name = LaunchScreen.storyboard;
			sourceTree = "<group>";
		};
/* End PBXVariantGroup section */

/* Begin XCBuildConfiguration section */
		179EDA7B21A114D800A107A0 /* Debug */ = {
			isa = XCBuildConfiguration;
			buildSettings = {
				ALWAYS_SEARCH_USER_PATHS = NO;
				CLANG_ANALYZER_NONNULL = YES;
				CLANG_ANALYZER_NUMBER_OBJECT_CONVERSION = YES_AGGRESSIVE;
				CLANG_CXX_LANGUAGE_STANDARD = "gnu++14";
				CLANG_CXX_LIBRARY = "libc++";
				CLANG_ENABLE_MODULES = YES;
				CLANG_ENABLE_OBJC_ARC = YES;
				CLANG_ENABLE_OBJC_WEAK = YES;
				CLANG_WARN_BLOCK_CAPTURE_AUTORELEASING = YES;
				CLANG_WARN_BOOL_CONVERSION = YES;
				CLANG_WARN_COMMA = YES;
				CLANG_WARN_CONSTANT_CONVERSION = YES;
				CLANG_WARN_DEPRECATED_OBJC_IMPLEMENTATIONS = YES;
				CLANG_WARN_DIRECT_OBJC_ISA_USAGE = YES_ERROR;
				CLANG_WARN_DOCUMENTATION_COMMENTS = YES;
				CLANG_WARN_EMPTY_BODY = YES;
				CLANG_WARN_ENUM_CONVERSION = YES;
				CLANG_WARN_INFINITE_RECURSION = YES;
				CLANG_WARN_INT_CONVERSION = YES;
				CLANG_WARN_NON_LITERAL_NULL_CONVERSION = YES;
				CLANG_WARN_OBJC_IMPLICIT_RETAIN_SELF = YES;
				CLANG_WARN_OBJC_LITERAL_CONVERSION = YES;
				CLANG_WARN_OBJC_ROOT_CLASS = YES_ERROR;
				CLANG_WARN_RANGE_LOOP_ANALYSIS = YES;
				CLANG_WARN_STRICT_PROTOTYPES = YES;
				CLANG_WARN_SUSPICIOUS_MOVE = YES;
				CLANG_WARN_UNGUARDED_AVAILABILITY = YES_AGGRESSIVE;
				CLANG_WARN_UNREACHABLE_CODE = YES;
				CLANG_WARN__DUPLICATE_METHOD_MATCH = YES;
				CODE_SIGN_IDENTITY = "iPhone Developer";
				COPY_PHASE_STRIP = NO;
				DEBUG_INFORMATION_FORMAT = dwarf;
				ENABLE_STRICT_OBJC_MSGSEND = YES;
				ENABLE_TESTABILITY = YES;
				GCC_C_LANGUAGE_STANDARD = gnu11;
				GCC_DYNAMIC_NO_PIC = NO;
				GCC_NO_COMMON_BLOCKS = YES;
				GCC_OPTIMIZATION_LEVEL = 0;
				GCC_PREPROCESSOR_DEFINITIONS = (
					"DEBUG=1",
					"$(inherited)",
				);
				GCC_WARN_64_TO_32_BIT_CONVERSION = YES;
				GCC_WARN_ABOUT_RETURN_TYPE = YES_ERROR;
				GCC_WARN_UNDECLARED_SELECTOR = YES;
				GCC_WARN_UNINITIALIZED_AUTOS = YES_AGGRESSIVE;
				GCC_WARN_UNUSED_FUNCTION = YES;
				GCC_WARN_UNUSED_VARIABLE = YES;
				IPHONEOS_DEPLOYMENT_TARGET = 12.1;
				MTL_ENABLE_DEBUG_INFO = INCLUDE_SOURCE;
				MTL_FAST_MATH = YES;
				ONLY_ACTIVE_ARCH = YES;
				SDKROOT = iphoneos;
			};
			name = Debug;
		};
		179EDA7C21A114D800A107A0 /* Release */ = {
			isa = XCBuildConfiguration;
			buildSettings = {
				ALWAYS_SEARCH_USER_PATHS = NO;
				CLANG_ANALYZER_NONNULL = YES;
				CLANG_ANALYZER_NUMBER_OBJECT_CONVERSION = YES_AGGRESSIVE;
				CLANG_CXX_LANGUAGE_STANDARD = "gnu++14";
				CLANG_CXX_LIBRARY = "libc++";
				CLANG_ENABLE_MODULES = YES;
				CLANG_ENABLE_OBJC_ARC = YES;
				CLANG_ENABLE_OBJC_WEAK = YES;
				CLANG_WARN_BLOCK_CAPTURE_AUTORELEASING = YES;
				CLANG_WARN_BOOL_CONVERSION = YES;
				CLANG_WARN_COMMA = YES;
				CLANG_WARN_CONSTANT_CONVERSION = YES;
				CLANG_WARN_DEPRECATED_OBJC_IMPLEMENTATIONS = YES;
				CLANG_WARN_DIRECT_OBJC_ISA_USAGE = YES_ERROR;
				CLANG_WARN_DOCUMENTATION_COMMENTS = YES;
				CLANG_WARN_EMPTY_BODY = YES;
				CLANG_WARN_ENUM_CONVERSION = YES;
				CLANG_WARN_INFINITE_RECURSION = YES;
				CLANG_WARN_INT_CONVERSION = YES;
				CLANG_WARN_NON_LITERAL_NULL_CONVERSION = YES;
				CLANG_WARN_OBJC_IMPLICIT_RETAIN_SELF = YES;
				CLANG_WARN_OBJC_LITERAL_CONVERSION = YES;
				CLANG_WARN_OBJC_ROOT_CLASS = YES_ERROR;
				CLANG_WARN_RANGE_LOOP_ANALYSIS = YES;
				CLANG_WARN_STRICT_PROTOTYPES = YES;
				CLANG_WARN_SUSPICIOUS_MOVE = YES;
				CLANG_WARN_UNGUARDED_AVAILABILITY = YES_AGGRESSIVE;
				CLANG_WARN_UNREACHABLE_CODE = YES;
				CLANG_WARN__DUPLICATE_METHOD_MATCH = YES;
				CODE_SIGN_IDENTITY = "iPhone Developer";
				COPY_PHASE_STRIP = NO;
				DEBUG_INFORMATION_FORMAT = "dwarf-with-dsym";
				ENABLE_NS_ASSERTIONS = NO;
				ENABLE_STRICT_OBJC_MSGSEND = YES;
				GCC_C_LANGUAGE_STANDARD = gnu11;
				GCC_NO_COMMON_BLOCKS = YES;
				GCC_WARN_64_TO_32_BIT_CONVERSION = YES;
				GCC_WARN_ABOUT_RETURN_TYPE = YES_ERROR;
				GCC_WARN_UNDECLARED_SELECTOR = YES;
				GCC_WARN_UNINITIALIZED_AUTOS = YES_AGGRESSIVE;
				GCC_WARN_UNUSED_FUNCTION = YES;
				GCC_WARN_UNUSED_VARIABLE = YES;
				IPHONEOS_DEPLOYMENT_TARGET = 12.1;
				MTL_ENABLE_DEBUG_INFO = NO;
				MTL_FAST_MATH = YES;
				SDKROOT = iphoneos;
				VALIDATE_PRODUCT = YES;
			};
			name = Release;
		};
		179EDA7E21A114D800A107A0 /* Debug */ = {
			isa = XCBuildConfiguration;
			buildSettings = {
				ASSETCATALOG_COMPILER_APPICON_NAME = AppIcon;
				CODE_SIGN_STYLE = Manual;
				DEVELOPMENT_TEAM = WU3DD344F3;
				GCC_PREFIX_HEADER = "$(SRCROOT)/RoseTactic/PrefixHeader.pch";
				INFOPLIST_FILE = RoseTactic/Info.plist;
				IPHONEOS_DEPLOYMENT_TARGET = 10.0;
				LD_RUNPATH_SEARCH_PATHS = (
					"$(inherited)",
					"@executable_path/Frameworks",
				);
				PRODUCT_BUNDLE_IDENTIFIER = cyc.teacher.RoseTactic;
				PRODUCT_NAME = "$(TARGET_NAME)";
				PROVISIONING_PROFILE_SPECIFIER = "RoseTactic Development";
				TARGETED_DEVICE_FAMILY = 1;
			};
			name = Debug;
		};
		179EDA7F21A114D800A107A0 /* Release */ = {
			isa = XCBuildConfiguration;
			buildSettings = {
				ASSETCATALOG_COMPILER_APPICON_NAME = AppIcon;
				CODE_SIGN_IDENTITY = "iPhone Distribution";
				CODE_SIGN_STYLE = Manual;
				DEVELOPMENT_TEAM = WU3DD344F3;
				GCC_PREFIX_HEADER = "$(SRCROOT)/RoseTactic/PrefixHeader.pch";
				INFOPLIST_FILE = RoseTactic/Info.plist;
				IPHONEOS_DEPLOYMENT_TARGET = 10.0;
				LD_RUNPATH_SEARCH_PATHS = (
					"$(inherited)",
					"@executable_path/Frameworks",
				);
				PRODUCT_BUNDLE_IDENTIFIER = cyc.teacher.RoseTactic;
				PRODUCT_NAME = "$(TARGET_NAME)";
				PROVISIONING_PROFILE_SPECIFIER = RoseTacticDistribution;
				TARGETED_DEVICE_FAMILY = 1;
			};
			name = Release;
		};
/* End XCBuildConfiguration section */

/* Begin XCConfigurationList section */
		179EDA6221A114D700A107A0 /* Build configuration list for PBXProject "RoseTactic" */ = {
			isa = XCConfigurationList;
			buildConfigurations = (
				179EDA7B21A114D800A107A0 /* Debug */,
				179EDA7C21A114D800A107A0 /* Release */,
			);
			defaultConfigurationIsVisible = 0;
			defaultConfigurationName = Release;
		};
		179EDA7D21A114D800A107A0 /* Build configuration list for PBXNativeTarget "RoseTactic" */ = {
			isa = XCConfigurationList;
			buildConfigurations = (
				179EDA7E21A114D800A107A0 /* Debug */,
				179EDA7F21A114D800A107A0 /* Release */,
			);
			defaultConfigurationIsVisible = 0;
			defaultConfigurationName = Release;
		};
/* End XCConfigurationList section */
	};
	rootObject = 179EDA5F21A114D700A107A0 /* Project object */;
}
